<?xml version="1.0" encoding="utf-8"?>
<Project ToolsVersion="4.0" xmlns="http://schemas.microsoft.com/developer/msbuild/2003">
  <ItemGroup>
    <Filter Include="Source Files">
      <UniqueIdentifier>{4FC737F1-C7A5-4376-A066-2A32D752A2FF}</UniqueIdentifier>
      <Extensions>cpp;c;cc;cxx;def;odl;idl;hpj;bat;asm;asmx</Extensions>
    </Filter>
    <Filter Include="Header Files">
      <UniqueIdentifier>{93995380-89BD-4b04-88EB-625FBE52EBFB}</UniqueIdentifier>
      <Extensions>h;hh;hpp;hxx;hm;inl;inc;xsd</Extensions>
    </Filter>
    <Filter Include="Resource Files">
      <UniqueIdentifier>{67DA6AB6-F800-4c08-8B7A-83BB121AAD01}</UniqueIdentifier>
      <Extensions>rc;ico;cur;bmp;dlg;rc2;rct;bin;rgs;gif;jpg;jpeg;jpe;resx;tiff;tif;png;wav;mfcribbon-ms</Extensions>
    </Filter>
  </ItemGroup>
  <ItemGroup>
    <ClCompile Include="main.cpp">
      <Filter>Source Files</Filter>
    </ClCompile>
    <ClCompile Include="StateMachine.cpp">
      <Filter>Source Files</Filter>
    </ClCompile>
    <ClCompile Include="AssetManager.cpp">
      <Filter>Source Files</Filter>
    </ClCompile>
    <ClCompile Include="InputManager.cpp">
      <Filter>Source Files</Filter>
    </ClCompile>
    <ClCompile Include="Game.cpp">
      <Filter>Source Files</Filter>
    </ClCompile>
    <ClCompile Include="GameState.cpp">
      <Filter>Source Files</Filter>
    </ClCompile>
    <ClCompile Include="Collision.cpp">
      <Filter>Source Files</Filter>
    </ClCompile>
    <ClCompile Include="Mario.cpp">
      <Filter>Source Files</Filter>
    </ClCompile>
    <ClCompile Include="BrickTile.cpp">
      <Filter>Source Files</Filter>
    </ClCompile>
    <ClCompile Include="Tile.cpp">
      <Filter>Source Files</Filter>
    </ClCompile>
    <ClCompile Include="BoxTile.cpp">
      <Filter>Source Files</Filter>
    </ClCompile>
    <ClCompile Include="Pipe.cpp">
      <Filter>Source Files</Filter>
    </ClCompile>
    <ClCompile Include="Decoration.cpp">
      <Filter>Source Files</Filter>
    </ClCompile>
    <ClCompile Include="Coin.cpp">
      <Filter>Source Files</Filter>
    </ClCompile>
    <ClCompile Include="Mushroom.cpp">
      <Filter>Source Files</Filter>
    </ClCompile>
    <ClCompile Include="Pole.cpp">
      <Filter>Source Files</Filter>
    </ClCompile>
    <ClCompile Include="Castle.cpp">
      <Filter>Source Files</Filter>
    </ClCompile>
    <ClCompile Include="CollisionGrid.cpp">
      <Filter>Source Files</Filter>
    </ClCompile>
    <ClCompile Include="Goomba.cpp">
      <Filter>Source Files</Filter>
    </ClCompile>
    <ClCompile Include="Koopa.cpp">
      <Filter>Source Files</Filter>
    </ClCompile>
    <ClCompile Include="FireFlower.cpp">
      <Filter>Source Files</Filter>
    </ClCompile>
    <ClCompile Include="FireBall.cpp">
      <Filter>Source Files</Filter>
    </ClCompile>
    <ClCompile Include="HUD.cpp">
      <Filter>Source Files</Filter>
    </ClCompile>
    <ClCompile Include="Score.cpp">
      <Filter>Source Files</Filter>
    </ClCompile>
    <ClCompile Include="MenuState.cpp">
      <Filter>Source Files</Filter>
    </ClCompile>
    <ClCompile Include="Money.cpp">
      <Filter>Source Files</Filter>
    </ClCompile>
    <ClCompile Include="Piranha.cpp">
      <Filter>Source Files</Filter>
    </ClCompile>
    <ClCompile Include="Platform.cpp">
      <Filter>Source Files</Filter>
    </ClCompile>
  </ItemGroup>
  <ItemGroup>
    <ClInclude Include="State.hpp">
      <Filter>Header Files</Filter>
    </ClInclude>
    <ClInclude Include="StateMachine.hpp">
      <Filter>Header Files</Filter>
    </ClInclude>
    <ClInclude Include="AssetManager.hpp">
      <Filter>Header Files</Filter>
    </ClInclude>
    <ClInclude Include="InputManager.hpp">
      <Filter>Header Files</Filter>
    </ClInclude>
    <ClInclude Include="Game.hpp">
      <Filter>Header Files</Filter>
    </ClInclude>
    <ClInclude Include="GameState.hpp">
      <Filter>Header Files</Filter>
    </ClInclude>
    <ClInclude Include="DEFINITIONS.hpp">
      <Filter>Header Files</Filter>
    </ClInclude>
    <ClInclude Include="Collision.hpp">
      <Filter>Header Files</Filter>
    </ClInclude>
    <ClInclude Include="Mario.hpp">
      <Filter>Header Files</Filter>
    </ClInclude>
    <ClInclude Include="functions.hpp">
      <Filter>Header Files</Filter>
    </ClInclude>
    <ClInclude Include="Tile.hpp">
      <Filter>Header Files</Filter>
    </ClInclude>
    <ClInclude Include="BrickTile.hpp">
      <Filter>Header Files</Filter>
    </ClInclude>
    <ClInclude Include="BoxTile.hpp">
      <Filter>Header Files</Filter>
    </ClInclude>
    <ClInclude Include="Pipe.hpp">
      <Filter>Header Files</Filter>
    </ClInclude>
    <ClInclude Include="Decoration.hpp">
      <Filter>Header Files</Filter>
    </ClInclude>
    <ClInclude Include="Item.hpp">
      <Filter>Header Files</Filter>
    </ClInclude>
    <ClInclude Include="Coin.hpp">
      <Filter>Header Files</Filter>
    </ClInclude>
    <ClInclude Include="Mushroom.hpp">
      <Filter>Header Files</Filter>
    </ClInclude>
    <ClInclude Include="Pole.hpp">
      <Filter>Header Files</Filter>
    </ClInclude>
    <ClInclude Include="Castle.hpp">
      <Filter>Header Files</Filter>
    </ClInclude>
    <ClInclude Include="CollisionGrid.hpp">
      <Filter>Header Files</Filter>
    </ClInclude>
    <ClInclude Include="Enemy.hpp">
      <Filter>Header Files</Filter>
    </ClInclude>
    <ClInclude Include="Goomba.hpp">
      <Filter>Header Files</Filter>
    </ClInclude>
    <ClInclude Include="Koopa.hpp">
      <Filter>Header Files</Filter>
    </ClInclude>
    <ClInclude Include="FireFlower.hpp">
      <Filter>Header Files</Filter>
    </ClInclude>
    <ClInclude Include="FireBall.hpp">
      <Filter>Header Files</Filter>
    </ClInclude>
    <ClInclude Include="HUD.hpp">
      <Filter>Header Files</Filter>
    </ClInclude>
    <ClInclude Include="Score.hpp">
      <Filter>Header Files</Filter>
    </ClInclude>
    <ClInclude Include="MenuState.hpp">
      <Filter>Header Files</Filter>
    </ClInclude>
    <ClInclude Include="Money.hpp">
      <Filter>Header Files</Filter>
    </ClInclude>
    <ClInclude Include="Piranha.hpp">
      <Filter>Header Files</Filter>
    </ClInclude>
    <ClInclude Include="Platform.hpp">
      <Filter>Header Files</Filter>
    </ClInclude>
  </ItemGroup>
</Project>